<?xml version="1.0" encoding="utf-8"?>
<Project ToolsVersion="4.0" xmlns="http://schemas.microsoft.com/developer/msbuild/2003">
  <ItemGroup>
    <ClCompile Include="Streams\MemoryStreamReader.test.cpp">
      <Filter>Streams</Filter>
    </ClCompile>
    <ClCompile Include="Streams\FileReader.test.cpp">
      <Filter>Streams</Filter>
    </ClCompile>
    <ClCompile Include="Streams\FileSliceReader.test.cpp">
      <Filter>Streams</Filter>
    </ClCompile>
    <ClCompile Include="Maps\MapReader.test.cpp">
      <Filter>Maps</Filter>
    </ClCompile>
    <ClCompile Include="Maps\MapWriter.test.cpp">
      <Filter>Maps</Filter>
    </ClCompile>
    <ClCompile Include="Archives\AdaptiveHuffmanTree.test.cpp">
      <Filter>Archives</Filter>
    </ClCompile>
    <ClCompile Include="Maps\MapHeader.test.cpp">
      <Filter>Maps</Filter>
    </ClCompile>
    <ClCompile Include="Sprites\ArtReader.test.cpp">
      <Filter>Sprites</Filter>
    </ClCompile>
    <ClCompile Include="Sprites\ArtWriter.test.cpp">
      <Filter>Sprites</Filter>
    </ClCompile>
    <ClCompile Include="Sprites\IndexedBmpWriter.test.cpp">
      <Filter>Sprites</Filter>
    </ClCompile>
    <ClCompile Include="Sprites\ImageHeader.test.cpp">
      <Filter>Sprites</Filter>
    </ClCompile>
  </ItemGroup>
  <ItemGroup>
    <None Include="packages.config" />
  </ItemGroup>
  <ItemGroup>
    <Filter Include="Streams">
      <UniqueIdentifier>{f07f4252-ca5e-4f5b-94cb-8df3794157fe}</UniqueIdentifier>
    </Filter>
    <Filter Include="Maps">
      <UniqueIdentifier>{25da91a1-3f8e-4c48-899f-860901568964}</UniqueIdentifier>
    </Filter>
    <Filter Include="Sprites">
      <UniqueIdentifier>{7c32bea6-a0e5-483a-97b5-8f1a7c0a84fb}</UniqueIdentifier>
    </Filter>
    <Filter Include="Archives">
      <UniqueIdentifier>{beb7ce96-9a50-4c40-900e-50de0f3f995b}</UniqueIdentifier>
    </Filter>
  </ItemGroup>
  <ItemGroup>
    <ClInclude Include="Streams\SeekableReader.test.h">
      <Filter>Streams</Filter>
    </ClInclude>
    <ClInclude Include="Streams\Reader.test.h">
      <Filter>Streams</Filter>
    </ClInclude>
  </ItemGroup>
</Project>