<?xml version="1.0" encoding="utf-8"?>
<Project ToolsVersion="4.0" xmlns="http://schemas.microsoft.com/developer/msbuild/2003">
  <ItemGroup>
    <Filter Include="Source Files">
      <UniqueIdentifier>{4FC737F1-C7A5-4376-A066-2A32D752A2FF}</UniqueIdentifier>
      <Extensions>cpp;c;cc;cxx;def;odl;idl;hpj;bat;asm;asmx</Extensions>
    </Filter>
    <Filter Include="Header Files">
      <UniqueIdentifier>{93995380-89BD-4b04-88EB-625FBE52EBFB}</UniqueIdentifier>
      <Extensions>h;hh;hpp;hxx;hm;inl;inc;xsd</Extensions>
    </Filter>
    <Filter Include="Resource Files">
      <UniqueIdentifier>{67DA6AB6-F800-4c08-8B7A-83BB121AAD01}</UniqueIdentifier>
      <Extensions>rc;ico;cur;bmp;dlg;rc2;rct;bin;rgs;gif;jpg;jpeg;jpe;resx;tiff;tif;png;wav;mfcribbon-ms</Extensions>
    </Filter>
    <Filter Include="Archives">
      <UniqueIdentifier>{351a0216-e40c-4520-b35c-25690fb48ab0}</UniqueIdentifier>
    </Filter>
    <Filter Include="Maps">
      <UniqueIdentifier>{60765cf0-2ed7-4327-8d32-801355cab8ef}</UniqueIdentifier>
    </Filter>
    <Filter Include="Streams">
      <UniqueIdentifier>{1bc74f38-2bb9-4094-bd00-6593f6efffca}</UniqueIdentifier>
    </Filter>
  </ItemGroup>
  <ItemGroup>
    <ClInclude Include="XFile.h">
      <Filter>Header Files</Filter>
    </ClInclude>
    <ClInclude Include="OP2Utility.h">
      <Filter>Header Files</Filter>
    </ClInclude>
    <ClInclude Include="StringHelper.h">
      <Filter>Header Files</Filter>
    </ClInclude>
    <ClInclude Include="ResourceManager.h">
      <Filter>Header Files</Filter>
    </ClInclude>
    <ClInclude Include="Archives\CompressionType.h">
      <Filter>Archives</Filter>
    </ClInclude>
    <ClInclude Include="Archives\AdaptHuffTree.h">
      <Filter>Archives</Filter>
    </ClInclude>
    <ClInclude Include="Archives\ArchiveFile.h">
      <Filter>Archives</Filter>
    </ClInclude>
    <ClInclude Include="Archives\BitStream.h">
      <Filter>Archives</Filter>
    </ClInclude>
    <ClInclude Include="Archives\ClmFile.h">
      <Filter>Archives</Filter>
    </ClInclude>
    <ClInclude Include="Archives\HuffLZ.h">
      <Filter>Archives</Filter>
    </ClInclude>
    <ClInclude Include="Archives\VolFile.h">
      <Filter>Archives</Filter>
    </ClInclude>
    <ClInclude Include="Archives\ArchiveUnpacker.h">
      <Filter>Archives</Filter>
    </ClInclude>
    <ClInclude Include="Archives\ArchivePacker.h">
      <Filter>Archives</Filter>
    </ClInclude>
    <ClInclude Include="Maps\MapData.h">
      <Filter>Maps</Filter>
    </ClInclude>
    <ClInclude Include="Maps\MapHeader.h">
      <Filter>Maps</Filter>
    </ClInclude>
    <ClInclude Include="Maps\TileData.h">
      <Filter>Maps</Filter>
    </ClInclude>
    <ClInclude Include="Maps\TileSetSource.h">
      <Filter>Maps</Filter>
    </ClInclude>
    <ClInclude Include="Maps\TerrainType.h">
      <Filter>Maps</Filter>
    </ClInclude>
    <ClInclude Include="Maps\TileInfo.h">
      <Filter>Maps</Filter>
    </ClInclude>
    <ClInclude Include="Maps\ClipRect.h">
      <Filter>Maps</Filter>
    </ClInclude>
    <ClInclude Include="Maps\MapWriter.h">
      <Filter>Maps</Filter>
    </ClInclude>
    <ClInclude Include="Maps\TileGroup.h">
      <Filter>Maps</Filter>
    </ClInclude>
    <ClInclude Include="Maps\MapReader.h">
      <Filter>Maps</Filter>
    </ClInclude>
    <ClInclude Include="Maps\CellType.h">
      <Filter>Maps</Filter>
    </ClInclude>
    <ClInclude Include="Archives\WaveFile.h">
      <Filter>Archives</Filter>
    </ClInclude>
    <ClInclude Include="Streams\StreamReader.h">
      <Filter>Streams</Filter>
    </ClInclude>
    <ClInclude Include="Streams\StreamWriter.h">
      <Filter>Streams</Filter>
    </ClInclude>
    <ClInclude Include="Streams\FileStreamWriter.h">
      <Filter>Streams</Filter>
    </ClInclude>
    <ClInclude Include="Streams\MemoryStreamWriter.h">
      <Filter>Streams</Filter>
    </ClInclude>
    <ClInclude Include="Streams\SeekableStreamWriter.h">
      <Filter>Streams</Filter>
    </ClInclude>
    <ClInclude Include="Streams\SeekableStreamReader.h">
      <Filter>Streams</Filter>
    </ClInclude>
    <ClInclude Include="Streams\FileStreamReader.h">
      <Filter>Streams</Filter>
    </ClInclude>
    <ClInclude Include="Streams\MemoryStreamReader.h">
      <Filter>Streams</Filter>
    </ClInclude>
    <ClInclude Include="Streams\FileSliceReader.h">
      <Filter>Streams</Filter>
    </ClInclude>
  </ItemGroup>
  <ItemGroup>
    <ClCompile Include="XFile.cpp">
      <Filter>Source Files</Filter>
    </ClCompile>
    <ClCompile Include="StringHelper.cpp">
      <Filter>Source Files</Filter>
    </ClCompile>
    <ClCompile Include="ResourceManager.cpp">
      <Filter>Source Files</Filter>
    </ClCompile>
    <ClCompile Include="Archives\AdaptHuffTree.cpp">
      <Filter>Archives</Filter>
    </ClCompile>
    <ClCompile Include="Archives\BitStream.cpp">
      <Filter>Archives</Filter>
    </ClCompile>
    <ClCompile Include="Archives\ClmFile.cpp">
      <Filter>Archives</Filter>
    </ClCompile>
    <ClCompile Include="Archives\HuffLZ.cpp">
      <Filter>Archives</Filter>
    </ClCompile>
    <ClCompile Include="Archives\VolFile.cpp">
      <Filter>Archives</Filter>
    </ClCompile>
    <ClCompile Include="Archives\ArchiveUnpacker.cpp">
      <Filter>Archives</Filter>
    </ClCompile>
    <ClCompile Include="Archives\ArchivePacker.cpp">
      <Filter>Archives</Filter>
    </ClCompile>
    <ClCompile Include="Maps\MapData.cpp">
      <Filter>Maps</Filter>
    </ClCompile>
    <ClCompile Include="Maps\MapWriter.cpp">
      <Filter>Maps</Filter>
    </ClCompile>
    <ClCompile Include="Maps\MapReader.cpp">
      <Filter>Maps</Filter>
    </ClCompile>
    <ClCompile Include="Streams\FileStreamWriter.cpp">
      <Filter>Streams</Filter>
    </ClCompile>
    <ClCompile Include="Streams\MemoryStreamWriter.cpp">
      <Filter>Streams</Filter>
    </ClCompile>
    <ClCompile Include="Streams\FileStreamReader.cpp">
      <Filter>Streams</Filter>
    </ClCompile>
    <ClCompile Include="Streams\MemoryStreamReader.cpp">
      <Filter>Streams</Filter>
    </ClCompile>
    <ClCompile Include="Streams\FileSliceReader.cpp">
      <Filter>Streams</Filter>
    </ClCompile>
    <ClCompile Include="Streams\StreamWriter.cpp">
      <Filter>Streams</Filter>
    </ClCompile>
  </ItemGroup>
</Project>