<?xml version="1.0" encoding="utf-8"?>
<Project ToolsVersion="4.0" xmlns="http://schemas.microsoft.com/developer/msbuild/2003">
  <ItemGroup>
    <Filter Include="Source Files">
      <UniqueIdentifier>{4FC737F1-C7A5-4376-A066-2A32D752A2FF}</UniqueIdentifier>
      <Extensions>cpp;c;cc;cxx;def;odl;idl;hpj;bat;asm;asmx</Extensions>
    </Filter>
    <Filter Include="Header Files">
      <UniqueIdentifier>{93995380-89BD-4b04-88EB-625FBE52EBFB}</UniqueIdentifier>
      <Extensions>h;hh;hpp;hxx;hm;inl;inc;xsd</Extensions>
    </Filter>
    <Filter Include="Resource Files">
      <UniqueIdentifier>{67DA6AB6-F800-4c08-8B7A-83BB121AAD01}</UniqueIdentifier>
      <Extensions>rc;ico;cur;bmp;dlg;rc2;rct;bin;rgs;gif;jpg;jpeg;jpe;resx;tiff;tif;png;wav;mfcribbon-ms</Extensions>
    </Filter>
    <Filter Include="Archive">
      <UniqueIdentifier>{351a0216-e40c-4520-b35c-25690fb48ab0}</UniqueIdentifier>
    </Filter>
    <Filter Include="Map">
      <UniqueIdentifier>{60765cf0-2ed7-4327-8d32-801355cab8ef}</UniqueIdentifier>
    </Filter>
    <Filter Include="Stream">
      <UniqueIdentifier>{1bc74f38-2bb9-4094-bd00-6593f6efffca}</UniqueIdentifier>
    </Filter>
    <Filter Include="include">
      <UniqueIdentifier>{bbe3dfd0-4ce7-4087-811f-d9560e6c074d}</UniqueIdentifier>
    </Filter>
    <Filter Include="Sprite">
      <UniqueIdentifier>{5ca1d992-113b-41f2-8b0b-4af1a79f47f0}</UniqueIdentifier>
    </Filter>
    <Filter Include="Bitmap">
      <UniqueIdentifier>{ed1d2b3b-c69f-43f8-97ac-f3357f736acf}</UniqueIdentifier>
    </Filter>
  </ItemGroup>
  <ItemGroup>
    <ClInclude Include="src\XFile.h">
      <Filter>Header Files</Filter>
    </ClInclude>
    <ClInclude Include="src\StringHelper.h">
      <Filter>Header Files</Filter>
    </ClInclude>
    <ClInclude Include="src\ResourceManager.h">
      <Filter>Header Files</Filter>
    </ClInclude>
    <ClInclude Include="src\Archive\CompressionType.h">
      <Filter>Archive</Filter>
    </ClInclude>
    <ClInclude Include="src\Archive\ArchiveFile.h">
      <Filter>Archive</Filter>
    </ClInclude>
    <ClInclude Include="src\Archive\ClmFile.h">
      <Filter>Archive</Filter>
    </ClInclude>
    <ClInclude Include="src\Archive\HuffLZ.h">
      <Filter>Archive</Filter>
    </ClInclude>
    <ClInclude Include="src\Archive\VolFile.h">
      <Filter>Archive</Filter>
    </ClInclude>
    <ClInclude Include="src\Map\Map.h">
      <Filter>Map</Filter>
    </ClInclude>
    <ClInclude Include="src\Map\MapHeader.h">
      <Filter>Map</Filter>
    </ClInclude>
    <ClInclude Include="src\Map\TerrainType.h">
      <Filter>Map</Filter>
    </ClInclude>
    <ClInclude Include="src\Map\TileGroup.h">
      <Filter>Map</Filter>
    </ClInclude>
    <ClInclude Include="src\Map\CellType.h">
      <Filter>Map</Filter>
    </ClInclude>
    <ClInclude Include="src\Archive\WaveFile.h">
      <Filter>Archive</Filter>
    </ClInclude>
    <ClInclude Include="include\OP2Utility.h">
      <Filter>include</Filter>
    </ClInclude>
    <ClInclude Include="src\Map\TilesetSource.h">
      <Filter>Map</Filter>
    </ClInclude>
    <ClInclude Include="src\Stream\FileReader.h">
      <Filter>Stream</Filter>
    </ClInclude>
    <ClInclude Include="src\Stream\FileWriter.h">
      <Filter>Stream</Filter>
    </ClInclude>
    <ClInclude Include="src\Stream\MemoryReader.h">
      <Filter>Stream</Filter>
    </ClInclude>
    <ClInclude Include="src\Stream\MemoryWriter.h">
      <Filter>Stream</Filter>
    </ClInclude>
    <ClInclude Include="src\Stream\Reader.h">
      <Filter>Stream</Filter>
    </ClInclude>
    <ClInclude Include="src\Stream\Writer.h">
      <Filter>Stream</Filter>
    </ClInclude>
    <ClInclude Include="src\Archive\BitStreamReader.h">
      <Filter>Archive</Filter>
    </ClInclude>
    <ClInclude Include="src\Archive\AdaptiveHuffmanTree.h">
      <Filter>Archive</Filter>
    </ClInclude>
    <ClInclude Include="src\Rect.h">
      <Filter>Header Files</Filter>
    </ClInclude>
    <ClInclude Include="src\Sprite\PaletteHeader.h">
      <Filter>Sprite</Filter>
    </ClInclude>
    <ClInclude Include="src\Sprite\ArtFile.h">
      <Filter>Sprite</Filter>
    </ClInclude>
    <ClInclude Include="src\Sprite\SectionHeader.h">
      <Filter>Sprite</Filter>
    </ClInclude>
    <ClInclude Include="src\Point.h">
      <Filter>Header Files</Filter>
    </ClInclude>
    <ClInclude Include="src\Sprite\ImageMeta.h">
      <Filter>Sprite</Filter>
    </ClInclude>
    <ClInclude Include="src\Sprite\Animation.h">
      <Filter>Sprite</Filter>
    </ClInclude>
    <ClInclude Include="src\Sprite\OP2BmpLoader.h">
      <Filter>Sprite</Filter>
    </ClInclude>
    <ClInclude Include="src\Bitmap\BmpCompression.h">
      <Filter>Bitmap</Filter>
    </ClInclude>
    <ClInclude Include="src\Bitmap\BmpHeader.h">
      <Filter>Bitmap</Filter>
    </ClInclude>
    <ClInclude Include="src\Bitmap\Color.h">
      <Filter>Bitmap</Filter>
    </ClInclude>
    <ClInclude Include="src\Bitmap\ImageHeader.h">
      <Filter>Bitmap</Filter>
    </ClInclude>
    <ClInclude Include="src\Bitmap\BitmapFile.h">
      <Filter>Bitmap</Filter>
    </ClInclude>
    <ClInclude Include="src\BitTwiddle.h">
      <Filter>Header Files</Filter>
    </ClInclude>
    <ClInclude Include="src\Map\Map.h">
      <Filter>Map</Filter>
    </ClInclude>
    <ClInclude Include="src\Map\Tile.h">
      <Filter>Map</Filter>
    </ClInclude>
    <ClInclude Include="src\Map\TileMapping.h">
      <Filter>Map</Filter>
    </ClInclude>
    <ClInclude Include="src\Stream\ForwardReader.h">
      <Filter>Stream</Filter>
    </ClInclude>
    <ClInclude Include="src\Stream\ForwardWriter.h">
      <Filter>Stream</Filter>
    </ClInclude>
    <ClInclude Include="src\Stream\BidirectionalReader.h">
      <Filter>Stream</Filter>
    </ClInclude>
    <ClInclude Include="src\Stream\BidirectionalWriter.h">
      <Filter>Stream</Filter>
    </ClInclude>
    <ClInclude Include="src\Map\SavedGameUnits.h">
      <Filter>Map</Filter>
    </ClInclude>
    <ClInclude Include="src\Stream\SliceReader.h">
      <Filter>Stream</Filter>
    </ClInclude>
    <ClInclude Include="src\Tag.h">
      <Filter>Header Files</Filter>
    </ClInclude>
    <ClInclude Include="src\Stream\DynamicMemoryWriter.h">
      <Filter>Stream</Filter>
    </ClInclude>
  </ItemGroup>
  <ItemGroup>
    <ClCompile Include="src\XFile.cpp">
      <Filter>Source Files</Filter>
    </ClCompile>
    <ClCompile Include="src\StringHelper.cpp">
      <Filter>Source Files</Filter>
    </ClCompile>
    <ClCompile Include="src\ResourceManager.cpp">
      <Filter>Source Files</Filter>
    </ClCompile>
    <ClCompile Include="src\Archive\ClmFile.cpp">
      <Filter>Archive</Filter>
    </ClCompile>
    <ClCompile Include="src\Archive\HuffLZ.cpp">
      <Filter>Archive</Filter>
    </ClCompile>
    <ClCompile Include="src\Archive\VolFile.cpp">
      <Filter>Archive</Filter>
    </ClCompile>
    <ClCompile Include="src\Archive\ArchiveFile.cpp">
      <Filter>Archive</Filter>
    </ClCompile>
    <ClCompile Include="src\Map\Map.cpp">
      <Filter>Map</Filter>
    </ClCompile>
    <ClCompile Include="src\Map\MapWriter.cpp">
      <Filter>Map</Filter>
    </ClCompile>
    <ClCompile Include="src\Map\MapReader.cpp">
      <Filter>Map</Filter>
    </ClCompile>
    <ClCompile Include="src\Stream\FileReader.cpp">
      <Filter>Stream</Filter>
    </ClCompile>
    <ClCompile Include="src\Stream\FileWriter.cpp">
      <Filter>Stream</Filter>
    </ClCompile>
    <ClCompile Include="src\Stream\MemoryReader.cpp">
      <Filter>Stream</Filter>
    </ClCompile>
    <ClCompile Include="src\Stream\MemoryWriter.cpp">
      <Filter>Stream</Filter>
    </ClCompile>
    <ClCompile Include="src\Stream\DynamicMemoryWriter.cpp">
      <Filter>Stream</Filter>
    </ClCompile>
    <ClCompile Include="src\Archive\BitStreamReader.cpp">
      <Filter>Archive</Filter>
    </ClCompile>
    <ClCompile Include="src\Archive\AdaptiveHuffmanTree.cpp">
      <Filter>Archive</Filter>
    </ClCompile>
    <ClCompile Include="src\Map\MapHeader.cpp">
      <Filter>Map</Filter>
    </ClCompile>
    <ClCompile Include="src\Sprite\ArtReader.cpp">
      <Filter>Sprite</Filter>
    </ClCompile>
    <ClCompile Include="src\Sprite\PaletteHeader.cpp">
      <Filter>Sprite</Filter>
    </ClCompile>
    <ClCompile Include="src\Sprite\ArtFile.cpp">
      <Filter>Sprite</Filter>
    </ClCompile>
    <ClCompile Include="src\Sprite\ArtWriter.cpp">
      <Filter>Sprite</Filter>
    </ClCompile>
    <ClCompile Include="src\Sprite\SectionHeader.cpp">
      <Filter>Sprite</Filter>
    </ClCompile>
    <ClCompile Include="src\Sprite\OP2BmpLoader.cpp">
      <Filter>Sprite</Filter>
    </ClCompile>
    <ClCompile Include="src\Archive\WaveFile.cpp">
      <Filter>Archive</Filter>
    </ClCompile>
    <ClCompile Include="src\Bitmap\BmpHeader.cpp">
      <Filter>Bitmap</Filter>
    </ClCompile>
    <ClCompile Include="src\Bitmap\Color.cpp">
      <Filter>Bitmap</Filter>
    </ClCompile>
    <ClCompile Include="src\Bitmap\ImageHeader.cpp">
      <Filter>Bitmap</Filter>
    </ClCompile>
    <ClCompile Include="src\Bitmap\IndexedBmpWriter.cpp">
      <Filter>Bitmap</Filter>
    </ClCompile>
    <ClCompile Include="src\Bitmap\BitmapFile.cpp">
      <Filter>Bitmap</Filter>
    </ClCompile>
    <ClCompile Include="src\Bitmap\IndexedBmpReader.cpp">
      <Filter>Bitmap</Filter>
    </ClCompile>
    <ClCompile Include="src\BitTwiddle.cpp">
      <Filter>Source Files</Filter>
    </ClCompile>
    <ClCompile Include="src\Map\Map.cpp">
      <Filter>Map</Filter>
    </ClCompile>
    <ClCompile Include="src\Map\SavedGameUnits.cpp">
      <Filter>Map</Filter>
    </ClCompile>
  </ItemGroup>
</Project>