<?xml version="1.0" encoding="utf-8"?>
<Project ToolsVersion="4.0" xmlns="http://schemas.microsoft.com/developer/msbuild/2003">
  <ItemGroup>
    <Filter Include="Source Files">
      <UniqueIdentifier>{4FC737F1-C7A5-4376-A066-2A32D752A2FF}</UniqueIdentifier>
      <Extensions>cpp;c;cc;cxx;def;odl;idl;hpj;bat;asm;asmx</Extensions>
    </Filter>
    <Filter Include="Header Files">
      <UniqueIdentifier>{93995380-89BD-4b04-88EB-625FBE52EBFB}</UniqueIdentifier>
      <Extensions>h;hh;hpp;hxx;hm;inl;inc;xsd</Extensions>
    </Filter>
    <Filter Include="Resource Files">
      <UniqueIdentifier>{67DA6AB6-F800-4c08-8B7A-83BB121AAD01}</UniqueIdentifier>
      <Extensions>rc;ico;cur;bmp;dlg;rc2;rct;bin;rgs;gif;jpg;jpeg;jpe;resx;tiff;tif;png;wav;mfcribbon-ms</Extensions>
    </Filter>
    <Filter Include="Archives">
      <UniqueIdentifier>{351a0216-e40c-4520-b35c-25690fb48ab0}</UniqueIdentifier>
    </Filter>
    <Filter Include="Maps">
      <UniqueIdentifier>{60765cf0-2ed7-4327-8d32-801355cab8ef}</UniqueIdentifier>
    </Filter>
    <Filter Include="Streams">
      <UniqueIdentifier>{1bc74f38-2bb9-4094-bd00-6593f6efffca}</UniqueIdentifier>
    </Filter>
    <Filter Include="include">
      <UniqueIdentifier>{bbe3dfd0-4ce7-4087-811f-d9560e6c074d}</UniqueIdentifier>
    </Filter>
    <Filter Include="Sprites">
      <UniqueIdentifier>{5ca1d992-113b-41f2-8b0b-4af1a79f47f0}</UniqueIdentifier>
    </Filter>
  </ItemGroup>
  <ItemGroup>
    <ClInclude Include="src\XFile.h">
      <Filter>Header Files</Filter>
    </ClInclude>
    <ClInclude Include="src\StringHelper.h">
      <Filter>Header Files</Filter>
    </ClInclude>
    <ClInclude Include="src\ResourceManager.h">
      <Filter>Header Files</Filter>
    </ClInclude>
    <ClInclude Include="src\Archives\CompressionType.h">
      <Filter>Archives</Filter>
    </ClInclude>
    <ClInclude Include="src\Archives\ArchiveFile.h">
      <Filter>Archives</Filter>
    </ClInclude>
    <ClInclude Include="src\Archives\ClmFile.h">
      <Filter>Archives</Filter>
    </ClInclude>
    <ClInclude Include="src\Archives\HuffLZ.h">
      <Filter>Archives</Filter>
    </ClInclude>
    <ClInclude Include="src\Archives\VolFile.h">
      <Filter>Archives</Filter>
    </ClInclude>
    <ClInclude Include="src\Archives\ArchiveUnpacker.h">
      <Filter>Archives</Filter>
    </ClInclude>
    <ClInclude Include="src\Archives\ArchivePacker.h">
      <Filter>Archives</Filter>
    </ClInclude>
    <ClInclude Include="src\Maps\MapData.h">
      <Filter>Maps</Filter>
    </ClInclude>
    <ClInclude Include="src\Maps\MapHeader.h">
      <Filter>Maps</Filter>
    </ClInclude>
    <ClInclude Include="src\Maps\TileData.h">
      <Filter>Maps</Filter>
    </ClInclude>
    <ClInclude Include="src\Maps\TerrainType.h">
      <Filter>Maps</Filter>
    </ClInclude>
    <ClInclude Include="src\Maps\TileInfo.h">
      <Filter>Maps</Filter>
    </ClInclude>
    <ClInclude Include="src\Maps\MapWriter.h">
      <Filter>Maps</Filter>
    </ClInclude>
    <ClInclude Include="src\Maps\TileGroup.h">
      <Filter>Maps</Filter>
    </ClInclude>
    <ClInclude Include="src\Maps\MapReader.h">
      <Filter>Maps</Filter>
    </ClInclude>
    <ClInclude Include="src\Maps\CellType.h">
      <Filter>Maps</Filter>
    </ClInclude>
    <ClInclude Include="src\Archives\WaveFile.h">
      <Filter>Archives</Filter>
    </ClInclude>
    <ClInclude Include="src\Streams\FileSliceReader.h">
      <Filter>Streams</Filter>
    </ClInclude>
    <ClInclude Include="include\OP2Utility.h">
      <Filter>include</Filter>
    </ClInclude>
    <ClInclude Include="src\Maps\TilesetSource.h">
      <Filter>Maps</Filter>
    </ClInclude>
    <ClInclude Include="src\Streams\FileReader.h">
      <Filter>Streams</Filter>
    </ClInclude>
    <ClInclude Include="src\Streams\FileWriter.h">
      <Filter>Streams</Filter>
    </ClInclude>
    <ClInclude Include="src\Streams\MemoryReader.h">
      <Filter>Streams</Filter>
    </ClInclude>
    <ClInclude Include="src\Streams\MemoryWriter.h">
      <Filter>Streams</Filter>
    </ClInclude>
    <ClInclude Include="src\Streams\SeekableReader.h">
      <Filter>Streams</Filter>
    </ClInclude>
    <ClInclude Include="src\Streams\SeekableWriter.h">
      <Filter>Streams</Filter>
    </ClInclude>
    <ClInclude Include="src\Streams\Reader.h">
      <Filter>Streams</Filter>
    </ClInclude>
    <ClInclude Include="src\Streams\Writer.h">
      <Filter>Streams</Filter>
    </ClInclude>
    <ClInclude Include="src\Archives\BitStreamReader.h">
      <Filter>Archives</Filter>
    </ClInclude>
    <ClInclude Include="src\Archives\AdaptiveHuffmanTree.h">
      <Filter>Archives</Filter>
    </ClInclude>
    <ClInclude Include="src\Rect.h">
      <Filter>Header Files</Filter>
    </ClInclude>
    <ClInclude Include="src\Sprites\ArtReader.h">
      <Filter>Sprites</Filter>
    </ClInclude>
    <ClInclude Include="src\Sprites\PaletteHeader.h">
      <Filter>Sprites</Filter>
    </ClInclude>
    <ClInclude Include="src\Sprites\ArtFile.h">
      <Filter>Sprites</Filter>
    </ClInclude>
    <ClInclude Include="src\Sprites\ArtWriter.h">
      <Filter>Sprites</Filter>
    </ClInclude>
    <ClInclude Include="src\Sprites\SectionHeader.h">
      <Filter>Sprites</Filter>
    </ClInclude>
    <ClInclude Include="src\Sprites\Color.h">
      <Filter>Sprites</Filter>
    </ClInclude>
    <ClInclude Include="src\Sprites\ImageType.h">
      <Filter>Sprites</Filter>
    </ClInclude>
  </ItemGroup>
  <ItemGroup>
    <ClCompile Include="src\XFile.cpp">
      <Filter>Source Files</Filter>
    </ClCompile>
    <ClCompile Include="src\StringHelper.cpp">
      <Filter>Source Files</Filter>
    </ClCompile>
    <ClCompile Include="src\ResourceManager.cpp">
      <Filter>Source Files</Filter>
    </ClCompile>
    <ClCompile Include="src\Archives\ClmFile.cpp">
      <Filter>Archives</Filter>
    </ClCompile>
    <ClCompile Include="src\Archives\HuffLZ.cpp">
      <Filter>Archives</Filter>
    </ClCompile>
    <ClCompile Include="src\Archives\VolFile.cpp">
      <Filter>Archives</Filter>
    </ClCompile>
    <ClCompile Include="src\Archives\ArchiveUnpacker.cpp">
      <Filter>Archives</Filter>
    </ClCompile>
    <ClCompile Include="src\Archives\ArchivePacker.cpp">
      <Filter>Archives</Filter>
    </ClCompile>
    <ClCompile Include="src\Maps\MapData.cpp">
      <Filter>Maps</Filter>
    </ClCompile>
    <ClCompile Include="src\Maps\MapWriter.cpp">
      <Filter>Maps</Filter>
    </ClCompile>
    <ClCompile Include="src\Maps\MapReader.cpp">
      <Filter>Maps</Filter>
    </ClCompile>
    <ClCompile Include="src\Streams\FileSliceReader.cpp">
      <Filter>Streams</Filter>
    </ClCompile>
    <ClCompile Include="src\Streams\FileReader.cpp">
      <Filter>Streams</Filter>
    </ClCompile>
    <ClCompile Include="src\Streams\FileWriter.cpp">
      <Filter>Streams</Filter>
    </ClCompile>
    <ClCompile Include="src\Streams\MemoryReader.cpp">
      <Filter>Streams</Filter>
    </ClCompile>
    <ClCompile Include="src\Streams\MemoryWriter.cpp">
      <Filter>Streams</Filter>
    </ClCompile>
    <ClCompile Include="src\Archives\BitStreamReader.cpp">
      <Filter>Archives</Filter>
    </ClCompile>
    <ClCompile Include="src\Archives\AdaptiveHuffmanTree.cpp">
      <Filter>Archives</Filter>
    </ClCompile>
    <ClCompile Include="src\Maps\MapHeader.cpp">
      <Filter>Maps</Filter>
    </ClCompile>
    <ClCompile Include="src\Sprites\ArtReader.cpp">
      <Filter>Sprites</Filter>
    </ClCompile>
    <ClCompile Include="src\Sprites\PaletteHeader.cpp">
      <Filter>Sprites</Filter>
    </ClCompile>
    <ClCompile Include="src\Sprites\ArtFile.cpp">
      <Filter>Sprites</Filter>
    </ClCompile>
    <ClCompile Include="src\Sprites\ArtWriter.cpp">
      <Filter>Sprites</Filter>
    </ClCompile>
    <ClCompile Include="src\Sprites\SectionHeader.cpp">
      <Filter>Sprites</Filter>
    </ClCompile>
  </ItemGroup>
</Project>